
Microsoft Visual Studio Solution File, Format Version 12.00
# Visual Studio Version 17
VisualStudioVersion = 17.11.35327.3
MinimumVisualStudioVersion = 10.0.40219.1
Project("{FAE04EC0-301F-11D3-BF4B-00C04F79EFBC}") = "Webserver", "Webserver\Webserver.csproj", "{67DCE091-0995-4597-B5A7-C24EC3790E64}"
EndProject
Global
	GlobalSection(SolutionConfigurationPlatforms) = preSolution
		Debug|Any CPU = Debug|Any CPU
		Release|Any CPU = Release|Any CPU
	EndGlobalSection
	GlobalSection(ProjectConfigurationPlatforms) = postSolution
		{67DCE091-0995-4597-B5A7-C24EC3790E64}.Debug|Any CPU.ActiveCfg = Debug|Any CPU
		{67DCE091-0995-4597-B5A7-C24EC3790E64}.Debug|Any CPU.Build.0 = Debug|Any CPU
		{67DCE091-0995-4597-B5A7-C24EC3790E64}.Release|Any CPU.ActiveCfg = Release|Any CPU
		{67DCE091-0995-4597-B5A7-C24EC3790E64}.Release|Any CPU.Build.0 = Release|Any CPU
	EndGlobalSection
	GlobalSection(SolutionProperties) = preSolution
		HideSolutionNode = FALSE
	EndGlobalSection
	GlobalSection(ExtensibilityGlobals) = postSolution
		SolutionGuid = {5877D06F-DDFA-462A-9206-7D70A3DA19C6}
	EndGlobalSection
EndGlobal
